<?xml version="1.0" encoding="utf-8"?>
<Project ToolsVersion="4.0" xmlns="http://schemas.microsoft.com/developer/msbuild/2003">
  <ItemGroup>
    <Filter Include="Source">
      <UniqueIdentifier>{8d9760e4-aa0e-4e4c-8aa0-176bf4cfd47c}</UniqueIdentifier>
    </Filter>
    <Filter Include="Source\Activity">
      <UniqueIdentifier>{7a95c54f-fc01-4cfe-ad14-af9339360e60}</UniqueIdentifier>
    </Filter>
  </ItemGroup>
  <ItemGroup>
    <ClCompile Include="source\main.cpp">
      <Filter>Source</Filter>
    </ClCompile>
    <ClCompile Include="source\sandbox.cpp">
      <Filter>Source\Activity</Filter>
    </ClCompile>
  </ItemGroup>
  <ItemGroup>
    <ClInclude Include="source\sandbox.h">
      <Filter>Source\Activity</Filter>
    </ClInclude>
  </ItemGroup>
</Project>