<?xml version="1.0" encoding="utf-8"?>
<Project ToolsVersion="4.0" xmlns="http://schemas.microsoft.com/developer/msbuild/2003">
  <ItemGroup>
    <Filter Include="Source Files">
      <UniqueIdentifier>{4FC737F1-C7A5-4376-A066-2A32D752A2FF}</UniqueIdentifier>
      <Extensions>cpp;c;cc;cxx;def;odl;idl;hpj;bat;asm;asmx</Extensions>
    </Filter>
    <Filter Include="Source Files\precompiled header">
      <UniqueIdentifier>{08f10b9f-d6bf-4c72-a2fb-829cb5248a18}</UniqueIdentifier>
    </Filter>
    <Filter Include="Source Files\activity">
      <UniqueIdentifier>{28b1d55c-cf66-430a-ab9e-ee8081690033}</UniqueIdentifier>
    </Filter>
    <Filter Include="Source Files\camera">
      <UniqueIdentifier>{bf7fd118-9051-4fcf-acd2-54d43d29484e}</UniqueIdentifier>
    </Filter>
    <Filter Include="Source Files\constants">
      <UniqueIdentifier>{c46e6f20-c4ec-4bdd-9b5e-2d5a9474d665}</UniqueIdentifier>
    </Filter>
    <Filter Include="Source Files\file">
      <UniqueIdentifier>{8bc6c48f-0c41-4815-a1fc-39bd09a1ba27}</UniqueIdentifier>
    </Filter>
    <Filter Include="Source Files\textures">
      <UniqueIdentifier>{117422a6-f5f0-42dd-9391-2403714823e4}</UniqueIdentifier>
    </Filter>
    <Filter Include="Source Files\timer">
      <UniqueIdentifier>{1ebaa1ff-7eee-42f0-ba44-ffc73b37c342}</UniqueIdentifier>
    </Filter>
    <Filter Include="Source Files\ui">
      <UniqueIdentifier>{942b089a-e9ae-4926-8600-97641e7cced0}</UniqueIdentifier>
    </Filter>
    <Filter Include="Source Files\window">
      <UniqueIdentifier>{47c60088-75b4-47ec-a8a5-c665d6b76514}</UniqueIdentifier>
    </Filter>
    <Filter Include="Source Files\service">
      <UniqueIdentifier>{727e8f62-3bc1-477d-b893-2107216ae8b0}</UniqueIdentifier>
    </Filter>
    <Filter Include="Source Files\opengl">
      <UniqueIdentifier>{423b08a6-b608-45c9-adc7-6839265fc9ad}</UniqueIdentifier>
    </Filter>
    <Filter Include="Source Files\render">
      <UniqueIdentifier>{ee34eaf7-9c24-4d0a-b823-9d530167e0f5}</UniqueIdentifier>
    </Filter>
    <Filter Include="Source Files\input">
      <UniqueIdentifier>{38a02bfb-d6e8-439b-8b20-ec3c362af56a}</UniqueIdentifier>
    </Filter>
    <Filter Include="Source Files\text">
      <UniqueIdentifier>{d49c61fb-48f1-4dfe-ae63-80803c1bc56b}</UniqueIdentifier>
    </Filter>
    <Filter Include="Source Files\log">
      <UniqueIdentifier>{ece66bff-6bf3-4652-825f-1d32de64c274}</UniqueIdentifier>
    </Filter>
    <Filter Include="Source Files\event">
      <UniqueIdentifier>{38e53c26-299f-406b-b099-92491587c4be}</UniqueIdentifier>
    </Filter>
  </ItemGroup>
  <ItemGroup>
    <ClInclude Include="source\vermillion.h">
      <Filter>Source Files</Filter>
    </ClInclude>
    <ClInclude Include="source\version.h">
      <Filter>Source Files</Filter>
    </ClInclude>
    <ClInclude Include="source\pch\pch.h">
      <Filter>Source Files\precompiled header</Filter>
    </ClInclude>
    <ClInclude Include="source\activity.h">
      <Filter>Source Files\activity</Filter>
    </ClInclude>
    <ClInclude Include="source\camera2d.h">
      <Filter>Source Files\camera</Filter>
    </ClInclude>
    <ClInclude Include="source\constants.h">
      <Filter>Source Files\constants</Filter>
    </ClInclude>
    <ClInclude Include="source\file.h">
      <Filter>Source Files\file</Filter>
    </ClInclude>
    <ClInclude Include="source\textures.h">
      <Filter>Source Files\textures</Filter>
    </ClInclude>
    <ClInclude Include="source\textures_pngloader.h">
      <Filter>Source Files\textures</Filter>
    </ClInclude>
    <ClInclude Include="source\timer.h">
      <Filter>Source Files\timer</Filter>
    </ClInclude>
    <ClInclude Include="source\windowstate.h">
      <Filter>Source Files\window</Filter>
    </ClInclude>
    <ClInclude Include="source\window.h">
      <Filter>Source Files\window</Filter>
    </ClInclude>
    <ClInclude Include="source\servicelocator.h">
      <Filter>Source Files\service</Filter>
    </ClInclude>
    <ClInclude Include="source\services.h">
      <Filter>Source Files\service</Filter>
    </ClInclude>
    <ClInclude Include="source\opengl2.h">
      <Filter>Source Files\opengl</Filter>
    </ClInclude>
    <ClInclude Include="source\opengl2_shader.h">
      <Filter>Source Files\opengl</Filter>
    </ClInclude>
    <ClInclude Include="source\render.h">
      <Filter>Source Files\render</Filter>
    </ClInclude>
    <ClInclude Include="source\inputstate.h">
      <Filter>Source Files\input</Filter>
    </ClInclude>
    <ClInclude Include="source\input.h">
      <Filter>Source Files\input</Filter>
    </ClInclude>
    <ClInclude Include="source\keycodes.h">
      <Filter>Source Files\input</Filter>
    </ClInclude>
    <ClInclude Include="source\log.h">
      <Filter>Source Files\log</Filter>
    </ClInclude>
    <ClInclude Include="source\text.h">
      <Filter>Source Files\text</Filter>
    </ClInclude>
    <ClInclude Include="source\event.h">
      <Filter>Source Files\event</Filter>
    </ClInclude>
    <ClInclude Include="source\ui\uibutton.h">
      <Filter>Source Files\ui</Filter>
    </ClInclude>
    <ClInclude Include="source\ui\uielement.h">
      <Filter>Source Files\ui</Filter>
    </ClInclude>
    <ClInclude Include="source\ui\uiimage.h">
      <Filter>Source Files\ui</Filter>
    </ClInclude>
    <ClInclude Include="source\ui\uitext.h">
      <Filter>Source Files\ui</Filter>
    </ClInclude>
    <ClInclude Include="source\ui\uiview.h">
      <Filter>Source Files\ui</Filter>
    </ClInclude>
    <ClInclude Include="source\ui\uiview_horizontal.h">
      <Filter>Source Files\ui</Filter>
    </ClInclude>
    <ClInclude Include="source\ui\uiview_vertical.h">
      <Filter>Source Files\ui</Filter>
    </ClInclude>
  </ItemGroup>
  <ItemGroup>
    <ClCompile Include="source\vermillion.cpp">
      <Filter>Source Files</Filter>
    </ClCompile>
    <ClCompile Include="source\pch\pch.cpp">
      <Filter>Source Files\precompiled header</Filter>
    </ClCompile>
    <ClCompile Include="source\camera2d.cpp">
      <Filter>Source Files\camera</Filter>
    </ClCompile>
    <ClCompile Include="source\constants.cpp">
      <Filter>Source Files\constants</Filter>
    </ClCompile>
    <ClCompile Include="source\file.cpp">
      <Filter>Source Files\file</Filter>
    </ClCompile>
    <ClCompile Include="source\textures.cpp">
      <Filter>Source Files\textures</Filter>
    </ClCompile>
    <ClCompile Include="source\textures_pngloader.cpp">
      <Filter>Source Files\textures</Filter>
    </ClCompile>
    <ClCompile Include="source\timer.cpp">
      <Filter>Source Files\timer</Filter>
    </ClCompile>
    <ClCompile Include="source\window.cpp">
      <Filter>Source Files\window</Filter>
    </ClCompile>
    <ClCompile Include="source\windowclass.cpp">
      <Filter>Source Files\window</Filter>
    </ClCompile>
    <ClCompile Include="source\windowprocedure.cpp">
      <Filter>Source Files\window</Filter>
    </ClCompile>
    <ClCompile Include="source\windowstate.cpp">
      <Filter>Source Files\window</Filter>
    </ClCompile>
    <ClCompile Include="source\servicelocator.cpp">
      <Filter>Source Files\service</Filter>
    </ClCompile>
    <ClCompile Include="source\opengl2.cpp">
      <Filter>Source Files\opengl</Filter>
    </ClCompile>
    <ClCompile Include="source\opengl2_shader.cpp">
      <Filter>Source Files\opengl</Filter>
    </ClCompile>
    <ClCompile Include="source\render.cpp">
      <Filter>Source Files\render</Filter>
    </ClCompile>
    <ClCompile Include="source\input.cpp">
      <Filter>Source Files\input</Filter>
    </ClCompile>
    <ClCompile Include="source\input_getters.cpp">
      <Filter>Source Files\input</Filter>
    </ClCompile>
    <ClCompile Include="source\inputstate.cpp">
      <Filter>Source Files\input</Filter>
    </ClCompile>
    <ClCompile Include="source\log.cpp">
      <Filter>Source Files\log</Filter>
    </ClCompile>
    <ClCompile Include="source\text.cpp">
      <Filter>Source Files\text</Filter>
    </ClCompile>
    <ClCompile Include="source\text_sdf.cpp">
      <Filter>Source Files\text</Filter>
    </ClCompile>
    <ClCompile Include="source\activity.cpp">
      <Filter>Source Files\activity</Filter>
    </ClCompile>
    <ClCompile Include="source\event.cpp">
      <Filter>Source Files\event</Filter>
    </ClCompile>
    <ClCompile Include="source\vermillion_activity.cpp">
      <Filter>Source Files</Filter>
    </ClCompile>
    <ClCompile Include="source\ui\uibutton.cpp">
      <Filter>Source Files\ui</Filter>
    </ClCompile>
    <ClCompile Include="source\ui\uielement.cpp">
      <Filter>Source Files\ui</Filter>
    </ClCompile>
    <ClCompile Include="source\ui\uiimage.cpp">
      <Filter>Source Files\ui</Filter>
    </ClCompile>
    <ClCompile Include="source\ui\uitext.cpp">
      <Filter>Source Files\ui</Filter>
    </ClCompile>
    <ClCompile Include="source\ui\uiview.cpp">
      <Filter>Source Files\ui</Filter>
    </ClCompile>
    <ClCompile Include="source\ui\uiview_horizontal.cpp">
      <Filter>Source Files\ui</Filter>
    </ClCompile>
    <ClCompile Include="source\ui\uiview_vertical.cpp">
      <Filter>Source Files\ui</Filter>
    </ClCompile>
  </ItemGroup>
</Project>