
Microsoft Visual Studio Solution File, Format Version 12.00
# Visual Studio Version 16
VisualStudioVersion = 16.0.29009.5
MinimumVisualStudioVersion = 10.0.40219.1
Project("{8BC9CEB8-8B4A-11D0-8D11-00A0C91BC942}") = "Codename Vermillion", "Codename Vermillion\Codename Vermillion.vcxproj", "{30F38C79-60C7-4A01-B2E6-4EA78FC0CAA1}"
EndProject
Project("{8BC9CEB8-8B4A-11D0-8D11-00A0C91BC942}") = "Vermillion", "Vermillion\Vermillion.vcxproj", "{B28C12F8-A118-4B18-8004-6175B11437B1}"
EndProject
Project("{8BC9CEB8-8B4A-11D0-8D11-00A0C91BC942}") = "Breakout", "Breakout\Breakout.vcxproj", "{F6B2BA9E-7445-4C67-BF57-655B2213B21A}"
	ProjectSection(ProjectDependencies) = postProject
		{B28C12F8-A118-4B18-8004-6175B11437B1} = {B28C12F8-A118-4B18-8004-6175B11437B1}
	EndProjectSection
EndProject
Project("{8BC9CEB8-8B4A-11D0-8D11-00A0C91BC942}") = "Gloomhaven", "Gloomhaven\Gloomhaven.vcxproj", "{5D32DEBA-CBA4-41ED-ADF8-31012AA555E2}"
	ProjectSection(ProjectDependencies) = postProject
		{B28C12F8-A118-4B18-8004-6175B11437B1} = {B28C12F8-A118-4B18-8004-6175B11437B1}
	EndProjectSection
EndProject
Project("{8BC9CEB8-8B4A-11D0-8D11-00A0C91BC942}") = "VermillionTests", "VermillionTests\VermillionTests.vcxproj", "{0964880A-5D00-4202-8325-78A5B2AD25E9}"
EndProject
Project("{2150E333-8FDC-42A3-9474-1A3956D46DE8}") = "Engine", "Engine", "{131279E1-E098-4551-B2E7-E4638CA50B3D}"
EndProject
Project("{2150E333-8FDC-42A3-9474-1A3956D46DE8}") = "Games", "Games", "{36B2C497-EA9B-4DD7-89BB-34A4DB1156B2}"
EndProject
Project("{8BC9CEB8-8B4A-11D0-8D11-00A0C91BC942}") = "Sandbox", "Sandbox\Sandbox.vcxproj", "{77A066E9-24EB-4F7B-8FF0-A2F8C1C3D3EE}"
EndProject
Global
	GlobalSection(SolutionConfigurationPlatforms) = preSolution
		Debug|x64 = Debug|x64
		Debug|x86 = Debug|x86
		DebugStatic|x64 = DebugStatic|x64
		DebugStatic|x86 = DebugStatic|x86
		Release|x64 = Release|x64
		Release|x86 = Release|x86
		ReleaseStatic|x64 = ReleaseStatic|x64
		ReleaseStatic|x86 = ReleaseStatic|x86
	EndGlobalSection
	GlobalSection(ProjectConfigurationPlatforms) = postSolution
		{30F38C79-60C7-4A01-B2E6-4EA78FC0CAA1}.Debug|x64.ActiveCfg = Debug|x64
		{30F38C79-60C7-4A01-B2E6-4EA78FC0CAA1}.Debug|x64.Build.0 = Debug|x64
		{30F38C79-60C7-4A01-B2E6-4EA78FC0CAA1}.Debug|x86.ActiveCfg = Debug|Win32
		{30F38C79-60C7-4A01-B2E6-4EA78FC0CAA1}.Debug|x86.Build.0 = Debug|Win32
		{30F38C79-60C7-4A01-B2E6-4EA78FC0CAA1}.DebugStatic|x64.ActiveCfg = DebugStatic|x64
		{30F38C79-60C7-4A01-B2E6-4EA78FC0CAA1}.DebugStatic|x64.Build.0 = DebugStatic|x64
		{30F38C79-60C7-4A01-B2E6-4EA78FC0CAA1}.DebugStatic|x86.ActiveCfg = DebugStatic|Win32
		{30F38C79-60C7-4A01-B2E6-4EA78FC0CAA1}.DebugStatic|x86.Build.0 = DebugStatic|Win32
		{30F38C79-60C7-4A01-B2E6-4EA78FC0CAA1}.Release|x64.ActiveCfg = Release|x64
		{30F38C79-60C7-4A01-B2E6-4EA78FC0CAA1}.Release|x64.Build.0 = Release|x64
		{30F38C79-60C7-4A01-B2E6-4EA78FC0CAA1}.Release|x86.ActiveCfg = Release|Win32
		{30F38C79-60C7-4A01-B2E6-4EA78FC0CAA1}.Release|x86.Build.0 = Release|Win32
		{30F38C79-60C7-4A01-B2E6-4EA78FC0CAA1}.ReleaseStatic|x64.ActiveCfg = ReleaseStatic|x64
		{30F38C79-60C7-4A01-B2E6-4EA78FC0CAA1}.ReleaseStatic|x64.Build.0 = ReleaseStatic|x64
		{30F38C79-60C7-4A01-B2E6-4EA78FC0CAA1}.ReleaseStatic|x86.ActiveCfg = ReleaseStatic|Win32
		{30F38C79-60C7-4A01-B2E6-4EA78FC0CAA1}.ReleaseStatic|x86.Build.0 = ReleaseStatic|Win32
		{B28C12F8-A118-4B18-8004-6175B11437B1}.Debug|x64.ActiveCfg = Debug|x64
		{B28C12F8-A118-4B18-8004-6175B11437B1}.Debug|x64.Build.0 = Debug|x64
		{B28C12F8-A118-4B18-8004-6175B11437B1}.Debug|x86.ActiveCfg = Debug|Win32
		{B28C12F8-A118-4B18-8004-6175B11437B1}.Debug|x86.Build.0 = Debug|Win32
		{B28C12F8-A118-4B18-8004-6175B11437B1}.DebugStatic|x64.ActiveCfg = Debug|x64
		{B28C12F8-A118-4B18-8004-6175B11437B1}.DebugStatic|x64.Build.0 = Debug|x64
		{B28C12F8-A118-4B18-8004-6175B11437B1}.DebugStatic|x86.ActiveCfg = Debug|Win32
		{B28C12F8-A118-4B18-8004-6175B11437B1}.DebugStatic|x86.Build.0 = Debug|Win32
		{B28C12F8-A118-4B18-8004-6175B11437B1}.Release|x64.ActiveCfg = Release|x64
		{B28C12F8-A118-4B18-8004-6175B11437B1}.Release|x64.Build.0 = Release|x64
		{B28C12F8-A118-4B18-8004-6175B11437B1}.Release|x86.ActiveCfg = Release|Win32
		{B28C12F8-A118-4B18-8004-6175B11437B1}.Release|x86.Build.0 = Release|Win32
		{B28C12F8-A118-4B18-8004-6175B11437B1}.ReleaseStatic|x64.ActiveCfg = Release|x64
		{B28C12F8-A118-4B18-8004-6175B11437B1}.ReleaseStatic|x64.Build.0 = Release|x64
		{B28C12F8-A118-4B18-8004-6175B11437B1}.ReleaseStatic|x86.ActiveCfg = Release|Win32
		{B28C12F8-A118-4B18-8004-6175B11437B1}.ReleaseStatic|x86.Build.0 = Release|Win32
		{F6B2BA9E-7445-4C67-BF57-655B2213B21A}.Debug|x64.ActiveCfg = Debug|x64
		{F6B2BA9E-7445-4C67-BF57-655B2213B21A}.Debug|x64.Build.0 = Debug|x64
		{F6B2BA9E-7445-4C67-BF57-655B2213B21A}.Debug|x86.ActiveCfg = Debug|Win32
		{F6B2BA9E-7445-4C67-BF57-655B2213B21A}.Debug|x86.Build.0 = Debug|Win32
		{F6B2BA9E-7445-4C67-BF57-655B2213B21A}.DebugStatic|x64.ActiveCfg = Debug|x64
		{F6B2BA9E-7445-4C67-BF57-655B2213B21A}.DebugStatic|x64.Build.0 = Debug|x64
		{F6B2BA9E-7445-4C67-BF57-655B2213B21A}.DebugStatic|x86.ActiveCfg = Debug|Win32
		{F6B2BA9E-7445-4C67-BF57-655B2213B21A}.DebugStatic|x86.Build.0 = Debug|Win32
		{F6B2BA9E-7445-4C67-BF57-655B2213B21A}.Release|x64.ActiveCfg = Release|x64
		{F6B2BA9E-7445-4C67-BF57-655B2213B21A}.Release|x64.Build.0 = Release|x64
		{F6B2BA9E-7445-4C67-BF57-655B2213B21A}.Release|x86.ActiveCfg = Release|Win32
		{F6B2BA9E-7445-4C67-BF57-655B2213B21A}.Release|x86.Build.0 = Release|Win32
		{F6B2BA9E-7445-4C67-BF57-655B2213B21A}.ReleaseStatic|x64.ActiveCfg = Release|x64
		{F6B2BA9E-7445-4C67-BF57-655B2213B21A}.ReleaseStatic|x64.Build.0 = Release|x64
		{F6B2BA9E-7445-4C67-BF57-655B2213B21A}.ReleaseStatic|x86.ActiveCfg = Release|Win32
		{F6B2BA9E-7445-4C67-BF57-655B2213B21A}.ReleaseStatic|x86.Build.0 = Release|Win32
		{5D32DEBA-CBA4-41ED-ADF8-31012AA555E2}.Debug|x64.ActiveCfg = Debug|x64
		{5D32DEBA-CBA4-41ED-ADF8-31012AA555E2}.Debug|x64.Build.0 = Debug|x64
		{5D32DEBA-CBA4-41ED-ADF8-31012AA555E2}.Debug|x86.ActiveCfg = Debug|Win32
		{5D32DEBA-CBA4-41ED-ADF8-31012AA555E2}.Debug|x86.Build.0 = Debug|Win32
		{5D32DEBA-CBA4-41ED-ADF8-31012AA555E2}.DebugStatic|x64.ActiveCfg = Debug|x64
		{5D32DEBA-CBA4-41ED-ADF8-31012AA555E2}.DebugStatic|x64.Build.0 = Debug|x64
		{5D32DEBA-CBA4-41ED-ADF8-31012AA555E2}.DebugStatic|x86.ActiveCfg = Debug|Win32
		{5D32DEBA-CBA4-41ED-ADF8-31012AA555E2}.DebugStatic|x86.Build.0 = Debug|Win32
		{5D32DEBA-CBA4-41ED-ADF8-31012AA555E2}.Release|x64.ActiveCfg = Release|x64
		{5D32DEBA-CBA4-41ED-ADF8-31012AA555E2}.Release|x64.Build.0 = Release|x64
		{5D32DEBA-CBA4-41ED-ADF8-31012AA555E2}.Release|x86.ActiveCfg = Release|Win32
		{5D32DEBA-CBA4-41ED-ADF8-31012AA555E2}.Release|x86.Build.0 = Release|Win32
		{5D32DEBA-CBA4-41ED-ADF8-31012AA555E2}.ReleaseStatic|x64.ActiveCfg = Release|x64
		{5D32DEBA-CBA4-41ED-ADF8-31012AA555E2}.ReleaseStatic|x64.Build.0 = Release|x64
		{5D32DEBA-CBA4-41ED-ADF8-31012AA555E2}.ReleaseStatic|x86.ActiveCfg = Release|Win32
		{5D32DEBA-CBA4-41ED-ADF8-31012AA555E2}.ReleaseStatic|x86.Build.0 = Release|Win32
		{0964880A-5D00-4202-8325-78A5B2AD25E9}.Debug|x64.ActiveCfg = Debug|x64
		{0964880A-5D00-4202-8325-78A5B2AD25E9}.Debug|x64.Build.0 = Debug|x64
		{0964880A-5D00-4202-8325-78A5B2AD25E9}.Debug|x86.ActiveCfg = Debug|Win32
		{0964880A-5D00-4202-8325-78A5B2AD25E9}.Debug|x86.Build.0 = Debug|Win32
		{0964880A-5D00-4202-8325-78A5B2AD25E9}.DebugStatic|x64.ActiveCfg = Debug|x64
		{0964880A-5D00-4202-8325-78A5B2AD25E9}.DebugStatic|x64.Build.0 = Debug|x64
		{0964880A-5D00-4202-8325-78A5B2AD25E9}.DebugStatic|x86.ActiveCfg = Debug|Win32
		{0964880A-5D00-4202-8325-78A5B2AD25E9}.DebugStatic|x86.Build.0 = Debug|Win32
		{0964880A-5D00-4202-8325-78A5B2AD25E9}.Release|x64.ActiveCfg = Release|x64
		{0964880A-5D00-4202-8325-78A5B2AD25E9}.Release|x64.Build.0 = Release|x64
		{0964880A-5D00-4202-8325-78A5B2AD25E9}.Release|x86.ActiveCfg = Release|Win32
		{0964880A-5D00-4202-8325-78A5B2AD25E9}.Release|x86.Build.0 = Release|Win32
		{0964880A-5D00-4202-8325-78A5B2AD25E9}.ReleaseStatic|x64.ActiveCfg = Release|x64
		{0964880A-5D00-4202-8325-78A5B2AD25E9}.ReleaseStatic|x64.Build.0 = Release|x64
		{0964880A-5D00-4202-8325-78A5B2AD25E9}.ReleaseStatic|x86.ActiveCfg = Release|Win32
		{0964880A-5D00-4202-8325-78A5B2AD25E9}.ReleaseStatic|x86.Build.0 = Release|Win32
		{77A066E9-24EB-4F7B-8FF0-A2F8C1C3D3EE}.Debug|x64.ActiveCfg = Debug|x64
		{77A066E9-24EB-4F7B-8FF0-A2F8C1C3D3EE}.Debug|x64.Build.0 = Debug|x64
		{77A066E9-24EB-4F7B-8FF0-A2F8C1C3D3EE}.Debug|x86.ActiveCfg = Debug|Win32
		{77A066E9-24EB-4F7B-8FF0-A2F8C1C3D3EE}.Debug|x86.Build.0 = Debug|Win32
		{77A066E9-24EB-4F7B-8FF0-A2F8C1C3D3EE}.DebugStatic|x64.ActiveCfg = Debug|x64
		{77A066E9-24EB-4F7B-8FF0-A2F8C1C3D3EE}.DebugStatic|x64.Build.0 = Debug|x64
		{77A066E9-24EB-4F7B-8FF0-A2F8C1C3D3EE}.DebugStatic|x86.ActiveCfg = Debug|Win32
		{77A066E9-24EB-4F7B-8FF0-A2F8C1C3D3EE}.DebugStatic|x86.Build.0 = Debug|Win32
		{77A066E9-24EB-4F7B-8FF0-A2F8C1C3D3EE}.Release|x64.ActiveCfg = Release|x64
		{77A066E9-24EB-4F7B-8FF0-A2F8C1C3D3EE}.Release|x64.Build.0 = Release|x64
		{77A066E9-24EB-4F7B-8FF0-A2F8C1C3D3EE}.Release|x86.ActiveCfg = Release|Win32
		{77A066E9-24EB-4F7B-8FF0-A2F8C1C3D3EE}.Release|x86.Build.0 = Release|Win32
		{77A066E9-24EB-4F7B-8FF0-A2F8C1C3D3EE}.ReleaseStatic|x64.ActiveCfg = Release|x64
		{77A066E9-24EB-4F7B-8FF0-A2F8C1C3D3EE}.ReleaseStatic|x64.Build.0 = Release|x64
		{77A066E9-24EB-4F7B-8FF0-A2F8C1C3D3EE}.ReleaseStatic|x86.ActiveCfg = Release|Win32
		{77A066E9-24EB-4F7B-8FF0-A2F8C1C3D3EE}.ReleaseStatic|x86.Build.0 = Release|Win32
	EndGlobalSection
	GlobalSection(SolutionProperties) = preSolution
		HideSolutionNode = FALSE
	EndGlobalSection
	GlobalSection(NestedProjects) = preSolution
		{B28C12F8-A118-4B18-8004-6175B11437B1} = {131279E1-E098-4551-B2E7-E4638CA50B3D}
		{F6B2BA9E-7445-4C67-BF57-655B2213B21A} = {36B2C497-EA9B-4DD7-89BB-34A4DB1156B2}
		{5D32DEBA-CBA4-41ED-ADF8-31012AA555E2} = {36B2C497-EA9B-4DD7-89BB-34A4DB1156B2}
		{0964880A-5D00-4202-8325-78A5B2AD25E9} = {131279E1-E098-4551-B2E7-E4638CA50B3D}
	EndGlobalSection
	GlobalSection(ExtensibilityGlobals) = postSolution
		SolutionGuid = {8F095882-5F96-459B-8739-9138DB20024D}
	EndGlobalSection
EndGlobal
