<?xml version="1.0" encoding="utf-8"?>
<Project ToolsVersion="4.0" xmlns="http://schemas.microsoft.com/developer/msbuild/2003">
  <ItemGroup>
    <Filter Include="Source Files">
      <UniqueIdentifier>{4FC737F1-C7A5-4376-A066-2A32D752A2FF}</UniqueIdentifier>
      <Extensions>cpp;c;cc;cxx;def;odl;idl;hpj;bat;asm;asmx</Extensions>
    </Filter>
    <Filter Include="Source Files\Framework">
      <UniqueIdentifier>{5d696fb2-ad96-4b08-859a-4d9bada9eb95}</UniqueIdentifier>
    </Filter>
    <Filter Include="Source Files\Test">
      <UniqueIdentifier>{4f3bc5bb-11f7-43f7-8649-cf27a2c9c577}</UniqueIdentifier>
    </Filter>
    <Filter Include="Source Files\Framework\shared">
      <UniqueIdentifier>{11cf4c06-8c21-4ca0-bb0a-63a0bb291977}</UniqueIdentifier>
    </Filter>
    <Filter Include="Shader Files">
      <UniqueIdentifier>{9dc57403-aedb-49df-ad7f-6567e0015537}</UniqueIdentifier>
    </Filter>
    <Filter Include="Source Files\Framework\Textures">
      <UniqueIdentifier>{2121c6ac-0247-4ac2-9d13-cfabf453adc6}</UniqueIdentifier>
    </Filter>
    <Filter Include="Source Files\Framework\Text">
      <UniqueIdentifier>{1b1b68bd-c346-4294-a159-331d46f8f0f9}</UniqueIdentifier>
    </Filter>
    <Filter Include="Source Files\Framework\Log">
      <UniqueIdentifier>{daf75b46-b3e5-49aa-ac28-d4426aeedcbb}</UniqueIdentifier>
    </Filter>
    <Filter Include="Source Files\Framework\Window">
      <UniqueIdentifier>{a55f7188-3bbd-4c1c-9da1-66b1105a2e10}</UniqueIdentifier>
    </Filter>
    <Filter Include="Source Files\Framework\OpenGL2">
      <UniqueIdentifier>{b9a6bb5c-b2dd-4c41-8716-5e699eb5a779}</UniqueIdentifier>
    </Filter>
    <Filter Include="Source Files\Framework\File">
      <UniqueIdentifier>{0b713aa1-4d53-45e8-b252-a3685c658e6f}</UniqueIdentifier>
    </Filter>
    <Filter Include="Source Files\Framework\Input">
      <UniqueIdentifier>{7d24c585-b87c-4d06-98f2-2a4abbc9e044}</UniqueIdentifier>
    </Filter>
    <Filter Include="Source Files\Framework\Timer">
      <UniqueIdentifier>{ee3445e6-cbc2-4104-840c-4b92d6c8d561}</UniqueIdentifier>
    </Filter>
    <Filter Include="Source Files\Test\Gloom">
      <UniqueIdentifier>{37a5f5a6-9dad-4bd3-a501-6a128cdbc9f8}</UniqueIdentifier>
    </Filter>
    <Filter Include="Source Files\Framework\Camera">
      <UniqueIdentifier>{1444139c-3086-4c06-889a-610f4ac65fc0}</UniqueIdentifier>
    </Filter>
    <Filter Include="Source Files\Test\Gloom\Actions">
      <UniqueIdentifier>{5ace2854-0855-40ac-85ac-900a600a8910}</UniqueIdentifier>
    </Filter>
    <Filter Include="Source Files\Test\Gloom\Entity">
      <UniqueIdentifier>{2a0f5301-6255-4383-843b-823f744a32a2}</UniqueIdentifier>
    </Filter>
    <Filter Include="Source Files\Precompiled">
      <UniqueIdentifier>{1b08c3e9-dfd7-4ad7-9e90-378b0cbcfcee}</UniqueIdentifier>
    </Filter>
    <Filter Include="Source Files\Rasterizer">
      <UniqueIdentifier>{c870c96b-a2f7-4496-9de6-e8ca2c6274c6}</UniqueIdentifier>
    </Filter>
    <Filter Include="Source Files\Rasterizer\Renderer">
      <UniqueIdentifier>{0f81db4c-fb5d-42a2-b85a-e9223fefef6a}</UniqueIdentifier>
    </Filter>
  </ItemGroup>
  <ItemGroup>
    <ClCompile Include="Source\main.cpp">
      <Filter>Source Files</Filter>
    </ClCompile>
    <ClCompile Include="Source\Test\Testing.cpp">
      <Filter>Source Files\Test</Filter>
    </ClCompile>
    <ClCompile Include="Source\Test\GamepadTest.cpp">
      <Filter>Source Files\Test</Filter>
    </ClCompile>
    <ClCompile Include="Source\Framework\point.h">
      <Filter>Source Files\Framework</Filter>
    </ClCompile>
    <ClCompile Include="Source\Framework\inputstate.cpp">
      <Filter>Source Files\Framework\shared</Filter>
    </ClCompile>
    <ClCompile Include="Source\Framework\windowstate.cpp">
      <Filter>Source Files\Framework\shared</Filter>
    </ClCompile>
    <ClCompile Include="Source\Test\Testing_Input.cpp">
      <Filter>Source Files\Test</Filter>
    </ClCompile>
    <ClCompile Include="Source\Framework\textures.cpp">
      <Filter>Source Files\Framework\Textures</Filter>
    </ClCompile>
    <ClCompile Include="Source\Framework\textures_pngloader.cpp">
      <Filter>Source Files\Framework\Textures</Filter>
    </ClCompile>
    <ClCompile Include="Source\Framework\text.cpp">
      <Filter>Source Files\Framework\Text</Filter>
    </ClCompile>
    <ClCompile Include="Source\Framework\log.cpp">
      <Filter>Source Files\Framework\Log</Filter>
    </ClCompile>
    <ClCompile Include="Source\Framework\windowprocedure.cpp">
      <Filter>Source Files\Framework\Window</Filter>
    </ClCompile>
    <ClCompile Include="Source\Framework\window.cpp">
      <Filter>Source Files\Framework\Window</Filter>
    </ClCompile>
    <ClCompile Include="Source\Framework\windowclass.cpp">
      <Filter>Source Files\Framework\Window</Filter>
    </ClCompile>
    <ClCompile Include="Source\Framework\opengl2.cpp">
      <Filter>Source Files\Framework\OpenGL2</Filter>
    </ClCompile>
    <ClCompile Include="Source\Framework\opengl2_shader.cpp">
      <Filter>Source Files\Framework\OpenGL2</Filter>
    </ClCompile>
    <ClCompile Include="Source\Framework\file.cpp">
      <Filter>Source Files\Framework\File</Filter>
    </ClCompile>
    <ClCompile Include="Source\Framework\input.cpp">
      <Filter>Source Files\Framework\Input</Filter>
    </ClCompile>
    <ClCompile Include="Source\Framework\timer.cpp">
      <Filter>Source Files\Framework\Timer</Filter>
    </ClCompile>
    <ClCompile Include="Source\Framework\servicelocator.cpp">
      <Filter>Source Files\Framework</Filter>
    </ClCompile>
    <ClCompile Include="Source\Test\Gloom.cpp">
      <Filter>Source Files\Test\Gloom</Filter>
    </ClCompile>
    <ClCompile Include="Source\Utils\Hexagon.cpp">
      <Filter>Source Files\Test\Gloom</Filter>
    </ClCompile>
    <ClCompile Include="Source\Framework\input_getters.cpp">
      <Filter>Source Files\Framework\Input</Filter>
    </ClCompile>
    <ClCompile Include="Source\Framework\camera2d.cpp">
      <Filter>Source Files\Framework\Camera</Filter>
    </ClCompile>
    <ClCompile Include="Source\Test\Level.cpp">
      <Filter>Source Files\Test\Gloom</Filter>
    </ClCompile>
    <ClCompile Include="Source\Test\ActionMove.cpp">
      <Filter>Source Files\Test\Gloom\Actions</Filter>
    </ClCompile>
    <ClCompile Include="Source\Test\Entity.cpp">
      <Filter>Source Files\Test\Gloom\Entity</Filter>
    </ClCompile>
    <ClCompile Include="Source\Test\Spawner.cpp">
      <Filter>Source Files\Test\Gloom\Entity</Filter>
    </ClCompile>
    <ClCompile Include="Source\Test\Tile.cpp">
      <Filter>Source Files\Test\Gloom</Filter>
    </ClCompile>
    <ClCompile Include="Source\Framework\pch\pch.cpp">
      <Filter>Source Files\Precompiled</Filter>
    </ClCompile>
    <ClCompile Include="Source\Rasterizer\RasterizeMain.cpp">
      <Filter>Source Files\Rasterizer</Filter>
    </ClCompile>
    <ClCompile Include="Source\Rasterizer\Renderer\Buffer.cpp">
      <Filter>Source Files\Rasterizer\Renderer</Filter>
    </ClCompile>
    <ClCompile Include="Source\Rasterizer\Renderer\Render.cpp">
      <Filter>Source Files\Rasterizer\Renderer</Filter>
    </ClCompile>
  </ItemGroup>
  <ItemGroup>
    <ClInclude Include="Source\Test\Testing.h">
      <Filter>Source Files\Test</Filter>
    </ClInclude>
    <ClInclude Include="Source\Test\GamepadTest.h">
      <Filter>Source Files\Test</Filter>
    </ClInclude>
    <ClInclude Include="Source\Framework\inputstate.h">
      <Filter>Source Files\Framework\shared</Filter>
    </ClInclude>
    <ClInclude Include="Source\Framework\windowstate.h">
      <Filter>Source Files\Framework\shared</Filter>
    </ClInclude>
    <ClInclude Include="Source\Framework\textures.h">
      <Filter>Source Files\Framework\Textures</Filter>
    </ClInclude>
    <ClInclude Include="Source\Framework\textures_pngloader.h">
      <Filter>Source Files\Framework\Textures</Filter>
    </ClInclude>
    <ClInclude Include="Source\Framework\text.h">
      <Filter>Source Files\Framework\Text</Filter>
    </ClInclude>
    <ClInclude Include="Source\Framework\log.h">
      <Filter>Source Files\Framework\Log</Filter>
    </ClInclude>
    <ClInclude Include="Source\Framework\window.h">
      <Filter>Source Files\Framework\Window</Filter>
    </ClInclude>
    <ClInclude Include="Source\Framework\opengl2_shader.h">
      <Filter>Source Files\Framework\OpenGL2</Filter>
    </ClInclude>
    <ClInclude Include="Source\Framework\opengl2.h">
      <Filter>Source Files\Framework\OpenGL2</Filter>
    </ClInclude>
    <ClInclude Include="Source\Framework\file.h">
      <Filter>Source Files\Framework\File</Filter>
    </ClInclude>
    <ClInclude Include="Source\Framework\input.h">
      <Filter>Source Files\Framework\Input</Filter>
    </ClInclude>
    <ClInclude Include="Source\Framework\timer.h">
      <Filter>Source Files\Framework\Timer</Filter>
    </ClInclude>
    <ClInclude Include="Source\Framework\servicelocator.h">
      <Filter>Source Files\Framework</Filter>
    </ClInclude>
    <ClInclude Include="Source\Framework\services.h">
      <Filter>Source Files\Framework</Filter>
    </ClInclude>
    <ClInclude Include="Source\Test\Gloom.h">
      <Filter>Source Files\Test\Gloom</Filter>
    </ClInclude>
    <ClInclude Include="Source\Utils\Hexagon.h">
      <Filter>Source Files\Test\Gloom</Filter>
    </ClInclude>
    <ClInclude Include="Source\Framework\activity.h">
      <Filter>Source Files\Framework</Filter>
    </ClInclude>
    <ClInclude Include="Source\Framework\camera2d.h">
      <Filter>Source Files\Framework\Camera</Filter>
    </ClInclude>
    <ClInclude Include="Source\Test\Level.h">
      <Filter>Source Files\Test\Gloom</Filter>
    </ClInclude>
    <ClInclude Include="Source\Test\ActionMove.h">
      <Filter>Source Files\Test\Gloom\Actions</Filter>
    </ClInclude>
    <ClInclude Include="Source\Test\Entity.h">
      <Filter>Source Files\Test\Gloom\Entity</Filter>
    </ClInclude>
    <ClInclude Include="Source\Test\Spawner.h">
      <Filter>Source Files\Test\Gloom\Entity</Filter>
    </ClInclude>
    <ClInclude Include="Source\Test\Tile.h">
      <Filter>Source Files\Test\Gloom</Filter>
    </ClInclude>
    <ClInclude Include="Source\Framework\pch\pch.h">
      <Filter>Source Files\Precompiled</Filter>
    </ClInclude>
    <ClInclude Include="Source\Rasterizer\RasterizeMain.h">
      <Filter>Source Files\Rasterizer</Filter>
    </ClInclude>
    <ClInclude Include="Source\Rasterizer\Renderer\Buffer.h">
      <Filter>Source Files\Rasterizer\Renderer</Filter>
    </ClInclude>
    <ClInclude Include="Source\Rasterizer\Renderer\Render.h">
      <Filter>Source Files\Rasterizer\Renderer</Filter>
    </ClInclude>
  </ItemGroup>
  <ItemGroup>
    <None Include="..\.gitignore" />
    <None Include="Source\Shaders\helloworld.frag">
      <Filter>Shader Files</Filter>
    </None>
    <None Include="Source\Shaders\helloworld.vert">
      <Filter>Shader Files</Filter>
    </None>
  </ItemGroup>
</Project>